
Microsoft Visual Studio Solution File, Format Version 12.00
# Visual Studio Version 16
VisualStudioVersion = 16.0.31410.357
MinimumVisualStudioVersion = 10.0.40219.1
Project("{9A19103F-16F7-4668-BE54-9A1E7A4F7556}") = "Chat", "Chat.csproj", "{3311A437-B3CB-49DC-A518-416262F644A5}"
EndProject
Project("{9A19103F-16F7-4668-BE54-9A1E7A4F7556}") = "EchoBot", "EchoBot\EchoBot.csproj", "{46041268-FDCB-4B74-9A31-B746746AFF14}"
EndProject
Global
	GlobalSection(SolutionConfigurationPlatforms) = preSolution
		Debug|Any CPU = Debug|Any CPU
		Release|Any CPU = Release|Any CPU
	EndGlobalSection
	GlobalSection(ProjectConfigurationPlatforms) = postSolution
		{3311A437-B3CB-49DC-A518-416262F644A5}.Debug|Any CPU.ActiveCfg = Debug|Any CPU
		{3311A437-B3CB-49DC-A518-416262F644A5}.Debug|Any CPU.Build.0 = Debug|Any CPU
		{3311A437-B3CB-49DC-A518-416262F644A5}.Release|Any CPU.ActiveCfg = Release|Any CPU
		{3311A437-B3CB-49DC-A518-416262F644A5}.Release|Any CPU.Build.0 = Release|Any CPU
		{46041268-FDCB-4B74-9A31-B746746AFF14}.Debug|Any CPU.ActiveCfg = Debug|Any CPU
		{46041268-FDCB-4B74-9A31-B746746AFF14}.Debug|Any CPU.Build.0 = Debug|Any CPU
		{46041268-FDCB-4B74-9A31-B746746AFF14}.Release|Any CPU.ActiveCfg = Release|Any CPU
		{46041268-FDCB-4B74-9A31-B746746AFF14}.Release|Any CPU.Build.0 = Release|Any CPU
	EndGlobalSection
	GlobalSection(SolutionProperties) = preSolution
		HideSolutionNode = FALSE
	EndGlobalSection
	GlobalSection(ExtensibilityGlobals) = postSolution
		SolutionGuid = {68E6068A-6783-4F56-B58A-32A3F3825DEF}
	EndGlobalSection
EndGlobal
