
Microsoft Visual Studio Solution File, Format Version 12.00
# Visual Studio Version 16
VisualStudioVersion = 16.0.31321.278
MinimumVisualStudioVersion = 10.0.40219.1
Project("{9A19103F-16F7-4668-BE54-9A1E7A4F7556}") = "Chat", "Chat.csproj", "{7A54D168-7FDC-46E3-BD4D-F5C596F381F6}"
EndProject
Global
	GlobalSection(SolutionConfigurationPlatforms) = preSolution
		Debug|Any CPU = Debug|Any CPU
		Release|Any CPU = Release|Any CPU
	EndGlobalSection
	GlobalSection(ProjectConfigurationPlatforms) = postSolution
		{7A54D168-7FDC-46E3-BD4D-F5C596F381F6}.Debug|Any CPU.ActiveCfg = Debug|Any CPU
		{7A54D168-7FDC-46E3-BD4D-F5C596F381F6}.Debug|Any CPU.Build.0 = Debug|Any CPU
		{7A54D168-7FDC-46E3-BD4D-F5C596F381F6}.Release|Any CPU.ActiveCfg = Release|Any CPU
		{7A54D168-7FDC-46E3-BD4D-F5C596F381F6}.Release|Any CPU.Build.0 = Release|Any CPU
	EndGlobalSection
	GlobalSection(SolutionProperties) = preSolution
		HideSolutionNode = FALSE
	EndGlobalSection
	GlobalSection(ExtensibilityGlobals) = postSolution
		SolutionGuid = {62406515-7B24-40EC-8CD9-E9390F7CCBC6}
	EndGlobalSection
EndGlobal
